// !$*UTF8*$!
{
	archiveVersion = 1;
	classes = {
	};
	objectVersion = 50;
	objects = {

/* Begin PBXBuildFile section */
		263F8A4F24E4CDBE007FF803 /* J.swift in Sources */ = {isa = PBXBuildFile; fileRef = 263F8A4E24E4CDBE007FF803 /* J.swift */; };
		263F8A5124E517B8007FF803 /* K.swift in Sources */ = {isa = PBXBuildFile; fileRef = 263F8A5024E517B8007FF803 /* K.swift */; };
		263FC4AC24DBF3BC00E1086C /* main.swift in Sources */ = {isa = PBXBuildFile; fileRef = 263FC4AB24DBF3BC00E1086C /* main.swift */; };
		264FA4E024E381EB00945359 /* H.swift in Sources */ = {isa = PBXBuildFile; fileRef = 264FA4DF24E381EB00945359 /* H.swift */; };
		264FA4E224E3982400945359 /* I.swift in Sources */ = {isa = PBXBuildFile; fileRef = 264FA4E124E3982400945359 /* I.swift */; };
		2683F3FF24DCFE3B000953AC /* BinaryMore.swift in Sources */ = {isa = PBXBuildFile; fileRef = 2683F3FD24DCFE3B000953AC /* BinaryMore.swift */; };
		2683F40024DCFE3B000953AC /* HelpBinary.swift in Sources */ = {isa = PBXBuildFile; fileRef = 2683F3FE24DCFE3B000953AC /* HelpBinary.swift */; };
		2683F40224DCFE4B000953AC /* A.swift in Sources */ = {isa = PBXBuildFile; fileRef = 2683F40124DCFE4B000953AC /* A.swift */; };
		2683F42424DD4B9E000953AC /* B.swift in Sources */ = {isa = PBXBuildFile; fileRef = 2683F42324DD4B9E000953AC /* B.swift */; };
		2683F42624DD53A5000953AC /* C.swift in Sources */ = {isa = PBXBuildFile; fileRef = 2683F42524DD53A5000953AC /* C.swift */; };
		26B4A89F24E30C78002B6E87 /* G.swift in Sources */ = {isa = PBXBuildFile; fileRef = 26B4A89E24E30C78002B6E87 /* G.swift */; };
		26B93FD424E121750057AF38 /* D.swift in Sources */ = {isa = PBXBuildFile; fileRef = 26B93FD324E121750057AF38 /* D.swift */; };
		26B93FD624E13D360057AF38 /* E.swift in Sources */ = {isa = PBXBuildFile; fileRef = 26B93FD524E13D360057AF38 /* E.swift */; };
		26C22EBD24E22C3B00330C2F /* F.swift in Sources */ = {isa = PBXBuildFile; fileRef = 26C22EBC24E22C3B00330C2F /* F.swift */; };
		26D0531C24ED29E90066BE81 /* N.swift in Sources */ = {isa = PBXBuildFile; fileRef = 26D0531B24ED29E90066BE81 /* N.swift */; };
		26EF2D1C24E62D810043856E /* L.swift in Sources */ = {isa = PBXBuildFile; fileRef = 26EF2D1B24E62D810043856E /* L.swift */; };
		26EF2D1E24E65C3A0043856E /* M.swift in Sources */ = {isa = PBXBuildFile; fileRef = 26EF2D1D24E65C3A0043856E /* M.swift */; };
/* End PBXBuildFile section */

/* Begin PBXCopyFilesBuildPhase section */
		263FC4A624DBF3BC00E1086C /* CopyFiles */ = {
			isa = PBXCopyFilesBuildPhase;
			buildActionMask = 2147483647;
			dstPath = /usr/share/man/man1/;
			dstSubfolderSpec = 0;
			files = (
			);
			runOnlyForDeploymentPostprocessing = 1;
		};
/* End PBXCopyFilesBuildPhase section */

/* Begin PBXFileReference section */
		263F8A4E24E4CDBE007FF803 /* J.swift */ = {isa = PBXFileReference; lastKnownFileType = sourcecode.swift; path = J.swift; sourceTree = "<group>"; };
		263F8A5024E517B8007FF803 /* K.swift */ = {isa = PBXFileReference; lastKnownFileType = sourcecode.swift; path = K.swift; sourceTree = "<group>"; };
		263FC4A824DBF3BC00E1086C /* restart */ = {isa = PBXFileReference; explicitFileType = "compiled.mach-o.executable"; includeInIndex = 0; path = restart; sourceTree = BUILT_PRODUCTS_DIR; };
		263FC4AB24DBF3BC00E1086C /* main.swift */ = {isa = PBXFileReference; lastKnownFileType = sourcecode.swift; path = main.swift; sourceTree = "<group>"; };
		264FA4DF24E381EB00945359 /* H.swift */ = {isa = PBXFileReference; lastKnownFileType = sourcecode.swift; path = H.swift; sourceTree = "<group>"; };
		264FA4E124E3982400945359 /* I.swift */ = {isa = PBXFileReference; lastKnownFileType = sourcecode.swift; path = I.swift; sourceTree = "<group>"; };
		2683F3FD24DCFE3B000953AC /* BinaryMore.swift */ = {isa = PBXFileReference; fileEncoding = 4; lastKnownFileType = sourcecode.swift; path = BinaryMore.swift; sourceTree = "<group>"; };
		2683F3FE24DCFE3B000953AC /* HelpBinary.swift */ = {isa = PBXFileReference; fileEncoding = 4; lastKnownFileType = sourcecode.swift; path = HelpBinary.swift; sourceTree = "<group>"; };
		2683F40124DCFE4B000953AC /* A.swift */ = {isa = PBXFileReference; lastKnownFileType = sourcecode.swift; path = A.swift; sourceTree = "<group>"; };
		2683F42324DD4B9E000953AC /* B.swift */ = {isa = PBXFileReference; lastKnownFileType = sourcecode.swift; path = B.swift; sourceTree = "<group>"; };
		2683F42524DD53A5000953AC /* C.swift */ = {isa = PBXFileReference; lastKnownFileType = sourcecode.swift; path = C.swift; sourceTree = "<group>"; };
		26B4A89E24E30C78002B6E87 /* G.swift */ = {isa = PBXFileReference; lastKnownFileType = sourcecode.swift; path = G.swift; sourceTree = "<group>"; };
		26B93FD324E121750057AF38 /* D.swift */ = {isa = PBXFileReference; lastKnownFileType = sourcecode.swift; path = D.swift; sourceTree = "<group>"; };
		26B93FD524E13D360057AF38 /* E.swift */ = {isa = PBXFileReference; lastKnownFileType = sourcecode.swift; path = E.swift; sourceTree = "<group>"; };
		26C22EBC24E22C3B00330C2F /* F.swift */ = {isa = PBXFileReference; fileEncoding = 4; lastKnownFileType = sourcecode.swift; path = F.swift; sourceTree = "<group>"; };
		26D0531B24ED29E90066BE81 /* N.swift */ = {isa = PBXFileReference; lastKnownFileType = sourcecode.swift; path = N.swift; sourceTree = "<group>"; };
		26EF2D1B24E62D810043856E /* L.swift */ = {isa = PBXFileReference; lastKnownFileType = sourcecode.swift; path = L.swift; sourceTree = "<group>"; };
		26EF2D1D24E65C3A0043856E /* M.swift */ = {isa = PBXFileReference; lastKnownFileType = sourcecode.swift; path = M.swift; sourceTree = "<group>"; };
/* End PBXFileReference section */

/* Begin PBXFrameworksBuildPhase section */
		263FC4A524DBF3BC00E1086C /* Frameworks */ = {
			isa = PBXFrameworksBuildPhase;
			buildActionMask = 2147483647;
			files = (
			);
			runOnlyForDeploymentPostprocessing = 0;
		};
/* End PBXFrameworksBuildPhase section */

/* Begin PBXGroup section */
		263FC49F24DBF3BC00E1086C = {
			isa = PBXGroup;
			children = (
				263FC4AA24DBF3BC00E1086C /* restart */,
				263FC4A924DBF3BC00E1086C /* Products */,
			);
			sourceTree = "<group>";
		};
		263FC4A924DBF3BC00E1086C /* Products */ = {
			isa = PBXGroup;
			children = (
				263FC4A824DBF3BC00E1086C /* restart */,
			);
			name = Products;
			sourceTree = "<group>";
		};
		263FC4AA24DBF3BC00E1086C /* restart */ = {
			isa = PBXGroup;
			children = (
				2683F3F724DCF992000953AC /* Tree */,
				263FC4AB24DBF3BC00E1086C /* main.swift */,
			);
			path = restart;
			sourceTree = "<group>";
		};
		2683F3F724DCF992000953AC /* Tree */ = {
			isa = PBXGroup;
			children = (
				2683F40124DCFE4B000953AC /* A.swift */,
				2683F42324DD4B9E000953AC /* B.swift */,
				2683F42524DD53A5000953AC /* C.swift */,
				26B93FD324E121750057AF38 /* D.swift */,
				26B93FD524E13D360057AF38 /* E.swift */,
				26C22EBC24E22C3B00330C2F /* F.swift */,
				26B4A89E24E30C78002B6E87 /* G.swift */,
				264FA4DF24E381EB00945359 /* H.swift */,
				264FA4E124E3982400945359 /* I.swift */,
				263F8A4E24E4CDBE007FF803 /* J.swift */,
				263F8A5024E517B8007FF803 /* K.swift */,
				26EF2D1B24E62D810043856E /* L.swift */,
				26EF2D1D24E65C3A0043856E /* M.swift */,
				26D0531B24ED29E90066BE81 /* N.swift */,
				2683F3FC24DCFE3B000953AC /* Tool */,
			);
			path = Tree;
			sourceTree = "<group>";
		};
		2683F3FC24DCFE3B000953AC /* Tool */ = {
			isa = PBXGroup;
			children = (
				2683F3FD24DCFE3B000953AC /* BinaryMore.swift */,
				2683F3FE24DCFE3B000953AC /* HelpBinary.swift */,
			);
			path = Tool;
			sourceTree = "<group>";
		};
/* End PBXGroup section */

/* Begin PBXNativeTarget section */
		263FC4A724DBF3BC00E1086C /* restart */ = {
			isa = PBXNativeTarget;
			buildConfigurationList = 263FC4AF24DBF3BC00E1086C /* Build configuration list for PBXNativeTarget "restart" */;
			buildPhases = (
				263FC4A424DBF3BC00E1086C /* Sources */,
				263FC4A524DBF3BC00E1086C /* Frameworks */,
				263FC4A624DBF3BC00E1086C /* CopyFiles */,
			);
			buildRules = (
			);
			dependencies = (
			);
			name = restart;
			productName = restart;
			productReference = 263FC4A824DBF3BC00E1086C /* restart */;
			productType = "com.apple.product-type.tool";
		};
/* End PBXNativeTarget section */

/* Begin PBXProject section */
		263FC4A024DBF3BC00E1086C /* Project object */ = {
			isa = PBXProject;
			attributes = {
				LastSwiftUpdateCheck = 1160;
				LastUpgradeCheck = 1160;
				ORGANIZATIONNAME = "Jz D";
				TargetAttributes = {
					263FC4A724DBF3BC00E1086C = {
						CreatedOnToolsVersion = 11.6;
					};
				};
			};
			buildConfigurationList = 263FC4A324DBF3BC00E1086C /* Build configuration list for PBXProject "restart" */;
			compatibilityVersion = "Xcode 9.3";
			developmentRegion = en;
			hasScannedForEncodings = 0;
			knownRegions = (
				en,
				Base,
			);
			mainGroup = 263FC49F24DBF3BC00E1086C;
			productRefGroup = 263FC4A924DBF3BC00E1086C /* Products */;
			projectDirPath = "";
			projectRoot = "";
			targets = (
				263FC4A724DBF3BC00E1086C /* restart */,
			);
		};
/* End PBXProject section */

/* Begin PBXSourcesBuildPhase section */
		263FC4A424DBF3BC00E1086C /* Sources */ = {
			isa = PBXSourcesBuildPhase;
			buildActionMask = 2147483647;
			files = (
				2683F40024DCFE3B000953AC /* HelpBinary.swift in Sources */,
				263F8A5124E517B8007FF803 /* K.swift in Sources */,
				26D0531C24ED29E90066BE81 /* N.swift in Sources */,
				26B93FD424E121750057AF38 /* D.swift in Sources */,
				263FC4AC24DBF3BC00E1086C /* main.swift in Sources */,
				264FA4E224E3982400945359 /* I.swift in Sources */,
				26C22EBD24E22C3B00330C2F /* F.swift in Sources */,
				2683F42424DD4B9E000953AC /* B.swift in Sources */,
				263F8A4F24E4CDBE007FF803 /* J.swift in Sources */,
				2683F42624DD53A5000953AC /* C.swift in Sources */,
				2683F3FF24DCFE3B000953AC /* BinaryMore.swift in Sources */,
				26B4A89F24E30C78002B6E87 /* G.swift in Sources */,
				2683F40224DCFE4B000953AC /* A.swift in Sources */,
				26EF2D1C24E62D810043856E /* L.swift in Sources */,
				26EF2D1E24E65C3A0043856E /* M.swift in Sources */,
				264FA4E024E381EB00945359 /* H.swift in Sources */,
				26B93FD624E13D360057AF38 /* E.swift in Sources */,
			);
			runOnlyForDeploymentPostprocessing = 0;
		};
/* End PBXSourcesBuildPhase section */

/* Begin XCBuildConfiguration section */
		263FC4AD24DBF3BC00E1086C /* Debug */ = {
			isa = XCBuildConfiguration;
			buildSettings = {
				ALWAYS_SEARCH_USER_PATHS = NO;
				CLANG_ANALYZER_NONNULL = YES;
				CLANG_ANALYZER_NUMBER_OBJECT_CONVERSION = YES_AGGRESSIVE;
				CLANG_CXX_LANGUAGE_STANDARD = "gnu++14";
				CLANG_CXX_LIBRARY = "libc++";
				CLANG_ENABLE_MODULES = YES;
				CLANG_ENABLE_OBJC_ARC = YES;
				CLANG_ENABLE_OBJC_WEAK = YES;
				CLANG_WARN_BLOCK_CAPTURE_AUTORELEASING = YES;
				CLANG_WARN_BOOL_CONVERSION = YES;
				CLANG_WARN_COMMA = YES;
				CLANG_WARN_CONSTANT_CONVERSION = YES;
				CLANG_WARN_DEPRECATED_OBJC_IMPLEMENTATIONS = YES;
				CLANG_WARN_DIRECT_OBJC_ISA_USAGE = YES_ERROR;
				CLANG_WARN_DOCUMENTATION_COMMENTS = YES;
				CLANG_WARN_EMPTY_BODY = YES;
				CLANG_WARN_ENUM_CONVERSION = YES;
				CLANG_WARN_INFINITE_RECURSION = YES;
				CLANG_WARN_INT_CONVERSION = YES;
				CLANG_WARN_NON_LITERAL_NULL_CONVERSION = YES;
				CLANG_WARN_OBJC_IMPLICIT_RETAIN_SELF = YES;
				CLANG_WARN_OBJC_LITERAL_CONVERSION = YES;
				CLANG_WARN_OBJC_ROOT_CLASS = YES_ERROR;
				CLANG_WARN_RANGE_LOOP_ANALYSIS = YES;
				CLANG_WARN_STRICT_PROTOTYPES = YES;
				CLANG_WARN_SUSPICIOUS_MOVE = YES;
				CLANG_WARN_UNGUARDED_AVAILABILITY = YES_AGGRESSIVE;
				CLANG_WARN_UNREACHABLE_CODE = YES;
				CLANG_WARN__DUPLICATE_METHOD_MATCH = YES;
				COPY_PHASE_STRIP = NO;
				DEBUG_INFORMATION_FORMAT = dwarf;
				ENABLE_STRICT_OBJC_MSGSEND = YES;
				ENABLE_TESTABILITY = YES;
				GCC_C_LANGUAGE_STANDARD = gnu11;
				GCC_DYNAMIC_NO_PIC = NO;
				GCC_NO_COMMON_BLOCKS = YES;
				GCC_OPTIMIZATION_LEVEL = 0;
				GCC_PREPROCESSOR_DEFINITIONS = (
					"DEBUG=1",
					"$(inherited)",
				);
				GCC_WARN_64_TO_32_BIT_CONVERSION = YES;
				GCC_WARN_ABOUT_RETURN_TYPE = YES_ERROR;
				GCC_WARN_UNDECLARED_SELECTOR = YES;
				GCC_WARN_UNINITIALIZED_AUTOS = YES_AGGRESSIVE;
				GCC_WARN_UNUSED_FUNCTION = YES;
				GCC_WARN_UNUSED_VARIABLE = YES;
				MACOSX_DEPLOYMENT_TARGET = 10.15;
				MTL_ENABLE_DEBUG_INFO = INCLUDE_SOURCE;
				MTL_FAST_MATH = YES;
				ONLY_ACTIVE_ARCH = YES;
				SDKROOT = macosx;
				SWIFT_ACTIVE_COMPILATION_CONDITIONS = DEBUG;
				SWIFT_OPTIMIZATION_LEVEL = "-Onone";
			};
			name = Debug;
		};
		263FC4AE24DBF3BC00E1086C /* Release */ = {
			isa = XCBuildConfiguration;
			buildSettings = {
				ALWAYS_SEARCH_USER_PATHS = NO;
				CLANG_ANALYZER_NONNULL = YES;
				CLANG_ANALYZER_NUMBER_OBJECT_CONVERSION = YES_AGGRESSIVE;
				CLANG_CXX_LANGUAGE_STANDARD = "gnu++14";
				CLANG_CXX_LIBRARY = "libc++";
				CLANG_ENABLE_MODULES = YES;
				CLANG_ENABLE_OBJC_ARC = YES;
				CLANG_ENABLE_OBJC_WEAK = YES;
				CLANG_WARN_BLOCK_CAPTURE_AUTORELEASING = YES;
				CLANG_WARN_BOOL_CONVERSION = YES;
				CLANG_WARN_COMMA = YES;
				CLANG_WARN_CONSTANT_CONVERSION = YES;
				CLANG_WARN_DEPRECATED_OBJC_IMPLEMENTATIONS = YES;
				CLANG_WARN_DIRECT_OBJC_ISA_USAGE = YES_ERROR;
				CLANG_WARN_DOCUMENTATION_COMMENTS = YES;
				CLANG_WARN_EMPTY_BODY = YES;
				CLANG_WARN_ENUM_CONVERSION = YES;
				CLANG_WARN_INFINITE_RECURSION = YES;
				CLANG_WARN_INT_CONVERSION = YES;
				CLANG_WARN_NON_LITERAL_NULL_CONVERSION = YES;
				CLANG_WARN_OBJC_IMPLICIT_RETAIN_SELF = YES;
				CLANG_WARN_OBJC_LITERAL_CONVERSION = YES;
				CLANG_WARN_OBJC_ROOT_CLASS = YES_ERROR;
				CLANG_WARN_RANGE_LOOP_ANALYSIS = YES;
				CLANG_WARN_STRICT_PROTOTYPES = YES;
				CLANG_WARN_SUSPICIOUS_MOVE = YES;
				CLANG_WARN_UNGUARDED_AVAILABILITY = YES_AGGRESSIVE;
				CLANG_WARN_UNREACHABLE_CODE = YES;
				CLANG_WARN__DUPLICATE_METHOD_MATCH = YES;
				COPY_PHASE_STRIP = NO;
				DEBUG_INFORMATION_FORMAT = "dwarf-with-dsym";
				ENABLE_NS_ASSERTIONS = NO;
				ENABLE_STRICT_OBJC_MSGSEND = YES;
				GCC_C_LANGUAGE_STANDARD = gnu11;
				GCC_NO_COMMON_BLOCKS = YES;
				GCC_WARN_64_TO_32_BIT_CONVERSION = YES;
				GCC_WARN_ABOUT_RETURN_TYPE = YES_ERROR;
				GCC_WARN_UNDECLARED_SELECTOR = YES;
				GCC_WARN_UNINITIALIZED_AUTOS = YES_AGGRESSIVE;
				GCC_WARN_UNUSED_FUNCTION = YES;
				GCC_WARN_UNUSED_VARIABLE = YES;
				MACOSX_DEPLOYMENT_TARGET = 10.15;
				MTL_ENABLE_DEBUG_INFO = NO;
				MTL_FAST_MATH = YES;
				SDKROOT = macosx;
				SWIFT_COMPILATION_MODE = wholemodule;
				SWIFT_OPTIMIZATION_LEVEL = "-O";
			};
			name = Release;
		};
		263FC4B024DBF3BC00E1086C /* Debug */ = {
			isa = XCBuildConfiguration;
			buildSettings = {
				CODE_SIGN_STYLE = Automatic;
				DEVELOPMENT_TEAM = D878P8TW6L;
				ENABLE_HARDENED_RUNTIME = YES;
				PRODUCT_NAME = "$(TARGET_NAME)";
				SWIFT_VERSION = 5.0;
			};
			name = Debug;
		};
		263FC4B124DBF3BC00E1086C /* Release */ = {
			isa = XCBuildConfiguration;
			buildSettings = {
				CODE_SIGN_STYLE = Automatic;
				DEVELOPMENT_TEAM = D878P8TW6L;
				ENABLE_HARDENED_RUNTIME = YES;
				PRODUCT_NAME = "$(TARGET_NAME)";
				SWIFT_VERSION = 5.0;
			};
			name = Release;
		};
/* End XCBuildConfiguration section */

/* Begin XCConfigurationList section */
		263FC4A324DBF3BC00E1086C /* Build configuration list for PBXProject "restart" */ = {
			isa = XCConfigurationList;
			buildConfigurations = (
				263FC4AD24DBF3BC00E1086C /* Debug */,
				263FC4AE24DBF3BC00E1086C /* Release */,
			);
			defaultConfigurationIsVisible = 0;
			defaultConfigurationName = Release;
		};
		263FC4AF24DBF3BC00E1086C /* Build configuration list for PBXNativeTarget "restart" */ = {
			isa = XCConfigurationList;
			buildConfigurations = (
				263FC4B024DBF3BC00E1086C /* Debug */,
				263FC4B124DBF3BC00E1086C /* Release */,
			);
			defaultConfigurationIsVisible = 0;
			defaultConfigurationName = Release;
		};
/* End XCConfigurationList section */
	};
	rootObject = 263FC4A024DBF3BC00E1086C /* Project object */;
}
